// !$*UTF8*$!
{
	archiveVersion = 1;
	classes = {
	};
	objectVersion = 56;
	objects = {

/* Begin PBXBuildFile section */
		99168DCA29749CB900B02FAC /* AppDelegate.swift in Sources */ = {isa = PBXBuildFile; fileRef = 99168DC929749CB900B02FAC /* AppDelegate.swift */; };
		99168DCC29749CB900B02FAC /* SceneDelegate.swift in Sources */ = {isa = PBXBuildFile; fileRef = 99168DCB29749CB900B02FAC /* SceneDelegate.swift */; };
		99168DD129749CB900B02FAC /* Main.storyboard in Resources */ = {isa = PBXBuildFile; fileRef = 99168DCF29749CB900B02FAC /* Main.storyboard */; };
		99168DD429749CB900B02FAC /* Guidomia_Ken.xcdatamodeld in Sources */ = {isa = PBXBuildFile; fileRef = 99168DD229749CB900B02FAC /* Guidomia_Ken.xcdatamodeld */; };
		99168DD629749CBA00B02FAC /* Assets.xcassets in Resources */ = {isa = PBXBuildFile; fileRef = 99168DD529749CBA00B02FAC /* Assets.xcassets */; };
		99168DD929749CBA00B02FAC /* LaunchScreen.storyboard in Resources */ = {isa = PBXBuildFile; fileRef = 99168DD729749CBA00B02FAC /* LaunchScreen.storyboard */; };
		99168DE429749CBA00B02FAC /* Guidomia_KenTests.swift in Sources */ = {isa = PBXBuildFile; fileRef = 99168DE329749CBA00B02FAC /* Guidomia_KenTests.swift */; };
		99168DEE29749CBA00B02FAC /* Guidomia_KenUITests.swift in Sources */ = {isa = PBXBuildFile; fileRef = 99168DED29749CBA00B02FAC /* Guidomia_KenUITests.swift */; };
		99168DF029749CBA00B02FAC /* Guidomia_KenUITestsLaunchTests.swift in Sources */ = {isa = PBXBuildFile; fileRef = 99168DEF29749CBA00B02FAC /* Guidomia_KenUITestsLaunchTests.swift */; };
		99168E0129749E6000B02FAC /* CarsViewController.swift in Sources */ = {isa = PBXBuildFile; fileRef = 99168E0029749E6000B02FAC /* CarsViewController.swift */; };
		99168E082974A3D900B02FAC /* ImageCell.swift in Sources */ = {isa = PBXBuildFile; fileRef = 99168E072974A3D900B02FAC /* ImageCell.swift */; };
		99168E0A2974A3EC00B02FAC /* ImageCell.xib in Resources */ = {isa = PBXBuildFile; fileRef = 99168E092974A3EC00B02FAC /* ImageCell.xib */; };
		99168E0C2974A87600B02FAC /* CarsViewModel.swift in Sources */ = {isa = PBXBuildFile; fileRef = 99168E0B2974A87600B02FAC /* CarsViewModel.swift */; };
		991B6EE22974CF150062D0E5 /* HeaderCell.swift in Sources */ = {isa = PBXBuildFile; fileRef = 991B6EE02974CF150062D0E5 /* HeaderCell.swift */; };
		991B6EE32974CF150062D0E5 /* HeaderCell.xib in Resources */ = {isa = PBXBuildFile; fileRef = 991B6EE12974CF150062D0E5 /* HeaderCell.xib */; };
		991B6EE62974D5E40062D0E5 /* CarCell.swift in Sources */ = {isa = PBXBuildFile; fileRef = 991B6EE42974D5E40062D0E5 /* CarCell.swift */; };
		991B6EE72974D5E40062D0E5 /* CarCell.xib in Resources */ = {isa = PBXBuildFile; fileRef = 991B6EE52974D5E40062D0E5 /* CarCell.xib */; };
		9967A3B52975C4C600D541EF /* NSAttributedString+Extension.swift in Sources */ = {isa = PBXBuildFile; fileRef = 9967A3B42975C4C600D541EF /* NSAttributedString+Extension.swift */; };
		9967A3B72975C4EF00D541EF /* UITableViewCell+Extension.swift in Sources */ = {isa = PBXBuildFile; fileRef = 9967A3B62975C4EF00D541EF /* UITableViewCell+Extension.swift */; };
		9967A3BA2975C99900D541EF /* DropDown.swift in Sources */ = {isa = PBXBuildFile; fileRef = 9967A3B92975C99900D541EF /* DropDown.swift */; };
		9967A3BD2975CB6D00D541EF /* FilterCell.swift in Sources */ = {isa = PBXBuildFile; fileRef = 9967A3BB2975CB6D00D541EF /* FilterCell.swift */; };
		9967A3BE2975CB6D00D541EF /* FilterCell.xib in Resources */ = {isa = PBXBuildFile; fileRef = 9967A3BC2975CB6D00D541EF /* FilterCell.xib */; };
		99FF81782974E22400EA9A01 /* APIService.swift in Sources */ = {isa = PBXBuildFile; fileRef = 99FF81772974E22400EA9A01 /* APIService.swift */; };
		99FF817D2974E37D00EA9A01 /* Car.swift in Sources */ = {isa = PBXBuildFile; fileRef = 99FF817C2974E37D00EA9A01 /* Car.swift */; };
		99FF817F2974EC8B00EA9A01 /* car_list.json in Resources */ = {isa = PBXBuildFile; fileRef = 99FF817E2974EBAB00EA9A01 /* car_list.json */; };
/* End PBXBuildFile section */

/* Begin PBXContainerItemProxy section */
		99168DE029749CBA00B02FAC /* PBXContainerItemProxy */ = {
			isa = PBXContainerItemProxy;
			containerPortal = 99168DBE29749CB900B02FAC /* Project object */;
			proxyType = 1;
			remoteGlobalIDString = 99168DC529749CB900B02FAC;
			remoteInfo = "Guidomia-Ken";
		};
		99168DEA29749CBA00B02FAC /* PBXContainerItemProxy */ = {
			isa = PBXContainerItemProxy;
			containerPortal = 99168DBE29749CB900B02FAC /* Project object */;
			proxyType = 1;
			remoteGlobalIDString = 99168DC529749CB900B02FAC;
			remoteInfo = "Guidomia-Ken";
		};
/* End PBXContainerItemProxy section */

/* Begin PBXFileReference section */
		99168DC629749CB900B02FAC /* Guidomia-Ken.app */ = {isa = PBXFileReference; explicitFileType = wrapper.application; includeInIndex = 0; path = "Guidomia-Ken.app"; sourceTree = BUILT_PRODUCTS_DIR; };
		99168DC929749CB900B02FAC /* AppDelegate.swift */ = {isa = PBXFileReference; lastKnownFileType = sourcecode.swift; path = AppDelegate.swift; sourceTree = "<group>"; };
		99168DCB29749CB900B02FAC /* SceneDelegate.swift */ = {isa = PBXFileReference; lastKnownFileType = sourcecode.swift; path = SceneDelegate.swift; sourceTree = "<group>"; };
		99168DD029749CB900B02FAC /* Base */ = {isa = PBXFileReference; lastKnownFileType = file.storyboard; name = Base; path = Base.lproj/Main.storyboard; sourceTree = "<group>"; };
		99168DD329749CB900B02FAC /* Guidomia_Ken.xcdatamodel */ = {isa = PBXFileReference; lastKnownFileType = wrapper.xcdatamodel; path = Guidomia_Ken.xcdatamodel; sourceTree = "<group>"; };
		99168DD529749CBA00B02FAC /* Assets.xcassets */ = {isa = PBXFileReference; lastKnownFileType = folder.assetcatalog; path = Assets.xcassets; sourceTree = "<group>"; };
		99168DD829749CBA00B02FAC /* Base */ = {isa = PBXFileReference; lastKnownFileType = file.storyboard; name = Base; path = Base.lproj/LaunchScreen.storyboard; sourceTree = "<group>"; };
		99168DDA29749CBA00B02FAC /* Info.plist */ = {isa = PBXFileReference; lastKnownFileType = text.plist.xml; path = Info.plist; sourceTree = "<group>"; };
		99168DDF29749CBA00B02FAC /* Guidomia-KenTests.xctest */ = {isa = PBXFileReference; explicitFileType = wrapper.cfbundle; includeInIndex = 0; path = "Guidomia-KenTests.xctest"; sourceTree = BUILT_PRODUCTS_DIR; };
		99168DE329749CBA00B02FAC /* Guidomia_KenTests.swift */ = {isa = PBXFileReference; lastKnownFileType = sourcecode.swift; path = Guidomia_KenTests.swift; sourceTree = "<group>"; };
		99168DE929749CBA00B02FAC /* Guidomia-KenUITests.xctest */ = {isa = PBXFileReference; explicitFileType = wrapper.cfbundle; includeInIndex = 0; path = "Guidomia-KenUITests.xctest"; sourceTree = BUILT_PRODUCTS_DIR; };
		99168DED29749CBA00B02FAC /* Guidomia_KenUITests.swift */ = {isa = PBXFileReference; lastKnownFileType = sourcecode.swift; path = Guidomia_KenUITests.swift; sourceTree = "<group>"; };
		99168DEF29749CBA00B02FAC /* Guidomia_KenUITestsLaunchTests.swift */ = {isa = PBXFileReference; lastKnownFileType = sourcecode.swift; path = Guidomia_KenUITestsLaunchTests.swift; sourceTree = "<group>"; };
		99168E0029749E6000B02FAC /* CarsViewController.swift */ = {isa = PBXFileReference; lastKnownFileType = sourcecode.swift; path = CarsViewController.swift; sourceTree = "<group>"; };
		99168E072974A3D900B02FAC /* ImageCell.swift */ = {isa = PBXFileReference; lastKnownFileType = sourcecode.swift; path = ImageCell.swift; sourceTree = "<group>"; };
		99168E092974A3EC00B02FAC /* ImageCell.xib */ = {isa = PBXFileReference; lastKnownFileType = file.xib; path = ImageCell.xib; sourceTree = "<group>"; };
		99168E0B2974A87600B02FAC /* CarsViewModel.swift */ = {isa = PBXFileReference; lastKnownFileType = sourcecode.swift; path = CarsViewModel.swift; sourceTree = "<group>"; };
		991B6EE02974CF150062D0E5 /* HeaderCell.swift */ = {isa = PBXFileReference; lastKnownFileType = sourcecode.swift; path = HeaderCell.swift; sourceTree = "<group>"; };
		991B6EE12974CF150062D0E5 /* HeaderCell.xib */ = {isa = PBXFileReference; lastKnownFileType = file.xib; path = HeaderCell.xib; sourceTree = "<group>"; };
		991B6EE42974D5E40062D0E5 /* CarCell.swift */ = {isa = PBXFileReference; lastKnownFileType = sourcecode.swift; path = CarCell.swift; sourceTree = "<group>"; };
		991B6EE52974D5E40062D0E5 /* CarCell.xib */ = {isa = PBXFileReference; lastKnownFileType = file.xib; path = CarCell.xib; sourceTree = "<group>"; };
		9967A3B42975C4C600D541EF /* NSAttributedString+Extension.swift */ = {isa = PBXFileReference; lastKnownFileType = sourcecode.swift; path = "NSAttributedString+Extension.swift"; sourceTree = "<group>"; };
		9967A3B62975C4EF00D541EF /* UITableViewCell+Extension.swift */ = {isa = PBXFileReference; lastKnownFileType = sourcecode.swift; path = "UITableViewCell+Extension.swift"; sourceTree = "<group>"; };
		9967A3B92975C99900D541EF /* DropDown.swift */ = {isa = PBXFileReference; lastKnownFileType = sourcecode.swift; path = DropDown.swift; sourceTree = "<group>"; };
		9967A3BB2975CB6D00D541EF /* FilterCell.swift */ = {isa = PBXFileReference; lastKnownFileType = sourcecode.swift; path = FilterCell.swift; sourceTree = "<group>"; };
		9967A3BC2975CB6D00D541EF /* FilterCell.xib */ = {isa = PBXFileReference; lastKnownFileType = file.xib; path = FilterCell.xib; sourceTree = "<group>"; };
		99FF81772974E22400EA9A01 /* APIService.swift */ = {isa = PBXFileReference; lastKnownFileType = sourcecode.swift; path = APIService.swift; sourceTree = "<group>"; };
		99FF817C2974E37D00EA9A01 /* Car.swift */ = {isa = PBXFileReference; lastKnownFileType = sourcecode.swift; path = Car.swift; sourceTree = "<group>"; };
		99FF817E2974EBAB00EA9A01 /* car_list.json */ = {isa = PBXFileReference; explicitFileType = text.json; path = car_list.json; sourceTree = "<group>"; };
/* End PBXFileReference section */

/* Begin PBXFrameworksBuildPhase section */
		99168DC329749CB900B02FAC /* Frameworks */ = {
			isa = PBXFrameworksBuildPhase;
			buildActionMask = 2147483647;
			files = (
			);
			runOnlyForDeploymentPostprocessing = 0;
		};
		99168DDC29749CBA00B02FAC /* Frameworks */ = {
			isa = PBXFrameworksBuildPhase;
			buildActionMask = 2147483647;
			files = (
			);
			runOnlyForDeploymentPostprocessing = 0;
		};
		99168DE629749CBA00B02FAC /* Frameworks */ = {
			isa = PBXFrameworksBuildPhase;
			buildActionMask = 2147483647;
			files = (
			);
			runOnlyForDeploymentPostprocessing = 0;
		};
/* End PBXFrameworksBuildPhase section */

/* Begin PBXGroup section */
		99168DBD29749CB900B02FAC = {
			isa = PBXGroup;
			children = (
				99168DC829749CB900B02FAC /* Guidomia-Ken */,
				99168DE229749CBA00B02FAC /* Guidomia-KenTests */,
				99168DEC29749CBA00B02FAC /* Guidomia-KenUITests */,
				99168DC729749CB900B02FAC /* Products */,
			);
			sourceTree = "<group>";
		};
		99168DC729749CB900B02FAC /* Products */ = {
			isa = PBXGroup;
			children = (
				99168DC629749CB900B02FAC /* Guidomia-Ken.app */,
				99168DDF29749CBA00B02FAC /* Guidomia-KenTests.xctest */,
				99168DE929749CBA00B02FAC /* Guidomia-KenUITests.xctest */,
			);
			name = Products;
			sourceTree = "<group>";
		};
		99168DC829749CB900B02FAC /* Guidomia-Ken */ = {
			isa = PBXGroup;
			children = (
				99168E062974A28C00B02FAC /* Helpers */,
				99168DFF29749E4600B02FAC /* CarsModule */,
				99168DC929749CB900B02FAC /* AppDelegate.swift */,
				99168DCB29749CB900B02FAC /* SceneDelegate.swift */,
				99168DCF29749CB900B02FAC /* Main.storyboard */,
				99168DD729749CBA00B02FAC /* LaunchScreen.storyboard */,
				99168DDA29749CBA00B02FAC /* Info.plist */,
				99168DD229749CB900B02FAC /* Guidomia_Ken.xcdatamodeld */,
			);
			path = "Guidomia-Ken";
			sourceTree = "<group>";
		};
		99168DE229749CBA00B02FAC /* Guidomia-KenTests */ = {
			isa = PBXGroup;
			children = (
				99168DE329749CBA00B02FAC /* Guidomia_KenTests.swift */,
			);
			path = "Guidomia-KenTests";
			sourceTree = "<group>";
		};
		99168DEC29749CBA00B02FAC /* Guidomia-KenUITests */ = {
			isa = PBXGroup;
			children = (
				99168DED29749CBA00B02FAC /* Guidomia_KenUITests.swift */,
				99168DEF29749CBA00B02FAC /* Guidomia_KenUITestsLaunchTests.swift */,
			);
			path = "Guidomia-KenUITests";
			sourceTree = "<group>";
		};
		99168DFF29749E4600B02FAC /* CarsModule */ = {
			isa = PBXGroup;
			children = (
				9967A3B82975C98600D541EF /* Libraries */,
				9967A3B32975C4A100D541EF /* Extensions */,
				99FF817B2974E30D00EA9A01 /* Models */,
				99FF81762974DEE300EA9A01 /* Services */,
				99168E052974A0B000B02FAC /* Resources */,
				99168E0429749F6600B02FAC /* Views */,
				99168E0329749F5200B02FAC /* ViewModels */,
				99168E0229749F3B00B02FAC /* ViewControllers */,
			);
			path = CarsModule;
			sourceTree = "<group>";
		};
		99168E0229749F3B00B02FAC /* ViewControllers */ = {
			isa = PBXGroup;
			children = (
				99168E0029749E6000B02FAC /* CarsViewController.swift */,
			);
			path = ViewControllers;
			sourceTree = "<group>";
		};
		99168E0329749F5200B02FAC /* ViewModels */ = {
			isa = PBXGroup;
			children = (
				99168E0B2974A87600B02FAC /* CarsViewModel.swift */,
			);
			path = ViewModels;
			sourceTree = "<group>";
		};
		99168E0429749F6600B02FAC /* Views */ = {
			isa = PBXGroup;
			children = (
				991B6EE42974D5E40062D0E5 /* CarCell.swift */,
				991B6EE52974D5E40062D0E5 /* CarCell.xib */,
				99168E072974A3D900B02FAC /* ImageCell.swift */,
				99168E092974A3EC00B02FAC /* ImageCell.xib */,
				991B6EE02974CF150062D0E5 /* HeaderCell.swift */,
				991B6EE12974CF150062D0E5 /* HeaderCell.xib */,
				9967A3BB2975CB6D00D541EF /* FilterCell.swift */,
				9967A3BC2975CB6D00D541EF /* FilterCell.xib */,
			);
			path = Views;
			sourceTree = "<group>";
		};
		99168E052974A0B000B02FAC /* Resources */ = {
			isa = PBXGroup;
			children = (
				99168DD529749CBA00B02FAC /* Assets.xcassets */,
				99FF817E2974EBAB00EA9A01 /* car_list.json */,
			);
			path = Resources;
			sourceTree = "<group>";
		};
		99168E062974A28C00B02FAC /* Helpers */ = {
			isa = PBXGroup;
			children = (
			);
			path = Helpers;
			sourceTree = "<group>";
		};
		9967A3B32975C4A100D541EF /* Extensions */ = {
			isa = PBXGroup;
			children = (
				9967A3B42975C4C600D541EF /* NSAttributedString+Extension.swift */,
				9967A3B62975C4EF00D541EF /* UITableViewCell+Extension.swift */,
			);
			path = Extensions;
			sourceTree = "<group>";
		};
		9967A3B82975C98600D541EF /* Libraries */ = {
			isa = PBXGroup;
			children = (
				9967A3B92975C99900D541EF /* DropDown.swift */,
			);
			path = Libraries;
			sourceTree = "<group>";
		};
		99FF81762974DEE300EA9A01 /* Services */ = {
			isa = PBXGroup;
			children = (
				99FF81772974E22400EA9A01 /* APIService.swift */,
			);
			path = Services;
			sourceTree = "<group>";
		};
		99FF817B2974E30D00EA9A01 /* Models */ = {
			isa = PBXGroup;
			children = (
				99FF817C2974E37D00EA9A01 /* Car.swift */,
			);
			path = Models;
			sourceTree = "<group>";
		};
/* End PBXGroup section */

/* Begin PBXNativeTarget section */
		99168DC529749CB900B02FAC /* Guidomia-Ken */ = {
			isa = PBXNativeTarget;
			buildConfigurationList = 99168DF329749CBA00B02FAC /* Build configuration list for PBXNativeTarget "Guidomia-Ken" */;
			buildPhases = (
				99168DC229749CB900B02FAC /* Sources */,
				99168DC329749CB900B02FAC /* Frameworks */,
				99168DC429749CB900B02FAC /* Resources */,
			);
			buildRules = (
			);
			dependencies = (
			);
			name = "Guidomia-Ken";
			productName = "Guidomia-Ken";
			productReference = 99168DC629749CB900B02FAC /* Guidomia-Ken.app */;
			productType = "com.apple.product-type.application";
		};
		99168DDE29749CBA00B02FAC /* Guidomia-KenTests */ = {
			isa = PBXNativeTarget;
			buildConfigurationList = 99168DF629749CBA00B02FAC /* Build configuration list for PBXNativeTarget "Guidomia-KenTests" */;
			buildPhases = (
				99168DDB29749CBA00B02FAC /* Sources */,
				99168DDC29749CBA00B02FAC /* Frameworks */,
				99168DDD29749CBA00B02FAC /* Resources */,
			);
			buildRules = (
			);
			dependencies = (
				99168DE129749CBA00B02FAC /* PBXTargetDependency */,
			);
			name = "Guidomia-KenTests";
			productName = "Guidomia-KenTests";
			productReference = 99168DDF29749CBA00B02FAC /* Guidomia-KenTests.xctest */;
			productType = "com.apple.product-type.bundle.unit-test";
		};
		99168DE829749CBA00B02FAC /* Guidomia-KenUITests */ = {
			isa = PBXNativeTarget;
			buildConfigurationList = 99168DF929749CBA00B02FAC /* Build configuration list for PBXNativeTarget "Guidomia-KenUITests" */;
			buildPhases = (
				99168DE529749CBA00B02FAC /* Sources */,
				99168DE629749CBA00B02FAC /* Frameworks */,
				99168DE729749CBA00B02FAC /* Resources */,
			);
			buildRules = (
			);
			dependencies = (
				99168DEB29749CBA00B02FAC /* PBXTargetDependency */,
			);
			name = "Guidomia-KenUITests";
			productName = "Guidomia-KenUITests";
			productReference = 99168DE929749CBA00B02FAC /* Guidomia-KenUITests.xctest */;
			productType = "com.apple.product-type.bundle.ui-testing";
		};
/* End PBXNativeTarget section */

/* Begin PBXProject section */
		99168DBE29749CB900B02FAC /* Project object */ = {
			isa = PBXProject;
			attributes = {
				BuildIndependentTargetsInParallel = 1;
				LastSwiftUpdateCheck = 1420;
				LastUpgradeCheck = 1420;
				TargetAttributes = {
					99168DC529749CB900B02FAC = {
						CreatedOnToolsVersion = 14.2;
					};
					99168DDE29749CBA00B02FAC = {
						CreatedOnToolsVersion = 14.2;
						TestTargetID = 99168DC529749CB900B02FAC;
					};
					99168DE829749CBA00B02FAC = {
						CreatedOnToolsVersion = 14.2;
						TestTargetID = 99168DC529749CB900B02FAC;
					};
				};
			};
			buildConfigurationList = 99168DC129749CB900B02FAC /* Build configuration list for PBXProject "Guidomia-Ken" */;
			compatibilityVersion = "Xcode 14.0";
			developmentRegion = en;
			hasScannedForEncodings = 0;
			knownRegions = (
				en,
				Base,
			);
			mainGroup = 99168DBD29749CB900B02FAC;
			productRefGroup = 99168DC729749CB900B02FAC /* Products */;
			projectDirPath = "";
			projectRoot = "";
			targets = (
				99168DC529749CB900B02FAC /* Guidomia-Ken */,
				99168DDE29749CBA00B02FAC /* Guidomia-KenTests */,
				99168DE829749CBA00B02FAC /* Guidomia-KenUITests */,
			);
		};
/* End PBXProject section */

/* Begin PBXResourcesBuildPhase section */
		99168DC429749CB900B02FAC /* Resources */ = {
			isa = PBXResourcesBuildPhase;
			buildActionMask = 2147483647;
			files = (
				991B6EE32974CF150062D0E5 /* HeaderCell.xib in Resources */,
				99168DD929749CBA00B02FAC /* LaunchScreen.storyboard in Resources */,
				99FF817F2974EC8B00EA9A01 /* car_list.json in Resources */,
				99168E0A2974A3EC00B02FAC /* ImageCell.xib in Resources */,
				99168DD629749CBA00B02FAC /* Assets.xcassets in Resources */,
				9967A3BE2975CB6D00D541EF /* FilterCell.xib in Resources */,
				991B6EE72974D5E40062D0E5 /* CarCell.xib in Resources */,
				99168DD129749CB900B02FAC /* Main.storyboard in Resources */,
			);
			runOnlyForDeploymentPostprocessing = 0;
		};
		99168DDD29749CBA00B02FAC /* Resources */ = {
			isa = PBXResourcesBuildPhase;
			buildActionMask = 2147483647;
			files = (
			);
			runOnlyForDeploymentPostprocessing = 0;
		};
		99168DE729749CBA00B02FAC /* Resources */ = {
			isa = PBXResourcesBuildPhase;
			buildActionMask = 2147483647;
			files = (
			);
			runOnlyForDeploymentPostprocessing = 0;
		};
/* End PBXResourcesBuildPhase section */

/* Begin PBXSourcesBuildPhase section */
		99168DC229749CB900B02FAC /* Sources */ = {
			isa = PBXSourcesBuildPhase;
			buildActionMask = 2147483647;
			files = (
				99FF81782974E22400EA9A01 /* APIService.swift in Sources */,
				99168DD429749CB900B02FAC /* Guidomia_Ken.xcdatamodeld in Sources */,
				9967A3B52975C4C600D541EF /* NSAttributedString+Extension.swift in Sources */,
				99FF817D2974E37D00EA9A01 /* Car.swift in Sources */,
				99168E0C2974A87600B02FAC /* CarsViewModel.swift in Sources */,
				99168E0129749E6000B02FAC /* CarsViewController.swift in Sources */,
				99168DCA29749CB900B02FAC /* AppDelegate.swift in Sources */,
				9967A3BD2975CB6D00D541EF /* FilterCell.swift in Sources */,
				9967A3BA2975C99900D541EF /* DropDown.swift in Sources */,
				9967A3B72975C4EF00D541EF /* UITableViewCell+Extension.swift in Sources */,
				99168DCC29749CB900B02FAC /* SceneDelegate.swift in Sources */,
				99168E082974A3D900B02FAC /* ImageCell.swift in Sources */,
				991B6EE62974D5E40062D0E5 /* CarCell.swift in Sources */,
				991B6EE22974CF150062D0E5 /* HeaderCell.swift in Sources */,
			);
			runOnlyForDeploymentPostprocessing = 0;
		};
		99168DDB29749CBA00B02FAC /* Sources */ = {
			isa = PBXSourcesBuildPhase;
			buildActionMask = 2147483647;
			files = (
				99168DE429749CBA00B02FAC /* Guidomia_KenTests.swift in Sources */,
			);
			runOnlyForDeploymentPostprocessing = 0;
		};
		99168DE529749CBA00B02FAC /* Sources */ = {
			isa = PBXSourcesBuildPhase;
			buildActionMask = 2147483647;
			files = (
				99168DF029749CBA00B02FAC /* Guidomia_KenUITestsLaunchTests.swift in Sources */,
				99168DEE29749CBA00B02FAC /* Guidomia_KenUITests.swift in Sources */,
			);
			runOnlyForDeploymentPostprocessing = 0;
		};
/* End PBXSourcesBuildPhase section */

/* Begin PBXTargetDependency section */
		99168DE129749CBA00B02FAC /* PBXTargetDependency */ = {
			isa = PBXTargetDependency;
			target = 99168DC529749CB900B02FAC /* Guidomia-Ken */;
			targetProxy = 99168DE029749CBA00B02FAC /* PBXContainerItemProxy */;
		};
		99168DEB29749CBA00B02FAC /* PBXTargetDependency */ = {
			isa = PBXTargetDependency;
			target = 99168DC529749CB900B02FAC /* Guidomia-Ken */;
			targetProxy = 99168DEA29749CBA00B02FAC /* PBXContainerItemProxy */;
		};
/* End PBXTargetDependency section */

/* Begin PBXVariantGroup section */
		99168DCF29749CB900B02FAC /* Main.storyboard */ = {
			isa = PBXVariantGroup;
			children = (
				99168DD029749CB900B02FAC /* Base */,
			);
			name = Main.storyboard;
			sourceTree = "<group>";
		};
		99168DD729749CBA00B02FAC /* LaunchScreen.storyboard */ = {
			isa = PBXVariantGroup;
			children = (
				99168DD829749CBA00B02FAC /* Base */,
			);
			name = LaunchScreen.storyboard;
			sourceTree = "<group>";
		};
/* End PBXVariantGroup section */

/* Begin XCBuildConfiguration section */
		99168DF129749CBA00B02FAC /* Debug */ = {
			isa = XCBuildConfiguration;
			buildSettings = {
				ALWAYS_SEARCH_USER_PATHS = NO;
				CLANG_ANALYZER_NONNULL = YES;
				CLANG_ANALYZER_NUMBER_OBJECT_CONVERSION = YES_AGGRESSIVE;
				CLANG_CXX_LANGUAGE_STANDARD = "gnu++20";
				CLANG_ENABLE_MODULES = YES;
				CLANG_ENABLE_OBJC_ARC = YES;
				CLANG_ENABLE_OBJC_WEAK = YES;
				CLANG_WARN_BLOCK_CAPTURE_AUTORELEASING = YES;
				CLANG_WARN_BOOL_CONVERSION = YES;
				CLANG_WARN_COMMA = YES;
				CLANG_WARN_CONSTANT_CONVERSION = YES;
				CLANG_WARN_DEPRECATED_OBJC_IMPLEMENTATIONS = YES;
				CLANG_WARN_DIRECT_OBJC_ISA_USAGE = YES_ERROR;
				CLANG_WARN_DOCUMENTATION_COMMENTS = YES;
				CLANG_WARN_EMPTY_BODY = YES;
				CLANG_WARN_ENUM_CONVERSION = YES;
				CLANG_WARN_INFINITE_RECURSION = YES;
				CLANG_WARN_INT_CONVERSION = YES;
				CLANG_WARN_NON_LITERAL_NULL_CONVERSION = YES;
				CLANG_WARN_OBJC_IMPLICIT_RETAIN_SELF = YES;
				CLANG_WARN_OBJC_LITERAL_CONVERSION = YES;
				CLANG_WARN_OBJC_ROOT_CLASS = YES_ERROR;
				CLANG_WARN_QUOTED_INCLUDE_IN_FRAMEWORK_HEADER = YES;
				CLANG_WARN_RANGE_LOOP_ANALYSIS = YES;
				CLANG_WARN_STRICT_PROTOTYPES = YES;
				CLANG_WARN_SUSPICIOUS_MOVE = YES;
				CLANG_WARN_UNGUARDED_AVAILABILITY = YES_AGGRESSIVE;
				CLANG_WARN_UNREACHABLE_CODE = YES;
				CLANG_WARN__DUPLICATE_METHOD_MATCH = YES;
				COPY_PHASE_STRIP = NO;
				DEBUG_INFORMATION_FORMAT = dwarf;
				ENABLE_STRICT_OBJC_MSGSEND = YES;
				ENABLE_TESTABILITY = YES;
				GCC_C_LANGUAGE_STANDARD = gnu11;
				GCC_DYNAMIC_NO_PIC = NO;
				GCC_NO_COMMON_BLOCKS = YES;
				GCC_OPTIMIZATION_LEVEL = 0;
				GCC_PREPROCESSOR_DEFINITIONS = (
					"DEBUG=1",
					"$(inherited)",
				);
				GCC_WARN_64_TO_32_BIT_CONVERSION = YES;
				GCC_WARN_ABOUT_RETURN_TYPE = YES_ERROR;
				GCC_WARN_UNDECLARED_SELECTOR = YES;
				GCC_WARN_UNINITIALIZED_AUTOS = YES_AGGRESSIVE;
				GCC_WARN_UNUSED_FUNCTION = YES;
				GCC_WARN_UNUSED_VARIABLE = YES;
				IPHONEOS_DEPLOYMENT_TARGET = 16.2;
				MTL_ENABLE_DEBUG_INFO = INCLUDE_SOURCE;
				MTL_FAST_MATH = YES;
				ONLY_ACTIVE_ARCH = YES;
				SDKROOT = iphoneos;
				SWIFT_ACTIVE_COMPILATION_CONDITIONS = DEBUG;
				SWIFT_OPTIMIZATION_LEVEL = "-Onone";
			};
			name = Debug;
		};
		99168DF229749CBA00B02FAC /* Release */ = {
			isa = XCBuildConfiguration;
			buildSettings = {
				ALWAYS_SEARCH_USER_PATHS = NO;
				CLANG_ANALYZER_NONNULL = YES;
				CLANG_ANALYZER_NUMBER_OBJECT_CONVERSION = YES_AGGRESSIVE;
				CLANG_CXX_LANGUAGE_STANDARD = "gnu++20";
				CLANG_ENABLE_MODULES = YES;
				CLANG_ENABLE_OBJC_ARC = YES;
				CLANG_ENABLE_OBJC_WEAK = YES;
				CLANG_WARN_BLOCK_CAPTURE_AUTORELEASING = YES;
				CLANG_WARN_BOOL_CONVERSION = YES;
				CLANG_WARN_COMMA = YES;
				CLANG_WARN_CONSTANT_CONVERSION = YES;
				CLANG_WARN_DEPRECATED_OBJC_IMPLEMENTATIONS = YES;
				CLANG_WARN_DIRECT_OBJC_ISA_USAGE = YES_ERROR;
				CLANG_WARN_DOCUMENTATION_COMMENTS = YES;
				CLANG_WARN_EMPTY_BODY = YES;
				CLANG_WARN_ENUM_CONVERSION = YES;
				CLANG_WARN_INFINITE_RECURSION = YES;
				CLANG_WARN_INT_CONVERSION = YES;
				CLANG_WARN_NON_LITERAL_NULL_CONVERSION = YES;
				CLANG_WARN_OBJC_IMPLICIT_RETAIN_SELF = YES;
				CLANG_WARN_OBJC_LITERAL_CONVERSION = YES;
				CLANG_WARN_OBJC_ROOT_CLASS = YES_ERROR;
				CLANG_WARN_QUOTED_INCLUDE_IN_FRAMEWORK_HEADER = YES;
				CLANG_WARN_RANGE_LOOP_ANALYSIS = YES;
				CLANG_WARN_STRICT_PROTOTYPES = YES;
				CLANG_WARN_SUSPICIOUS_MOVE = YES;
				CLANG_WARN_UNGUARDED_AVAILABILITY = YES_AGGRESSIVE;
				CLANG_WARN_UNREACHABLE_CODE = YES;
				CLANG_WARN__DUPLICATE_METHOD_MATCH = YES;
				COPY_PHASE_STRIP = NO;
				DEBUG_INFORMATION_FORMAT = "dwarf-with-dsym";
				ENABLE_NS_ASSERTIONS = NO;
				ENABLE_STRICT_OBJC_MSGSEND = YES;
				GCC_C_LANGUAGE_STANDARD = gnu11;
				GCC_NO_COMMON_BLOCKS = YES;
				GCC_WARN_64_TO_32_BIT_CONVERSION = YES;
				GCC_WARN_ABOUT_RETURN_TYPE = YES_ERROR;
				GCC_WARN_UNDECLARED_SELECTOR = YES;
				GCC_WARN_UNINITIALIZED_AUTOS = YES_AGGRESSIVE;
				GCC_WARN_UNUSED_FUNCTION = YES;
				GCC_WARN_UNUSED_VARIABLE = YES;
				IPHONEOS_DEPLOYMENT_TARGET = 16.2;
				MTL_ENABLE_DEBUG_INFO = NO;
				MTL_FAST_MATH = YES;
				SDKROOT = iphoneos;
				SWIFT_COMPILATION_MODE = wholemodule;
				SWIFT_OPTIMIZATION_LEVEL = "-O";
				VALIDATE_PRODUCT = YES;
			};
			name = Release;
		};
		99168DF429749CBA00B02FAC /* Debug */ = {
			isa = XCBuildConfiguration;
			buildSettings = {
				ASSETCATALOG_COMPILER_APPICON_NAME = AppIcon;
				ASSETCATALOG_COMPILER_GLOBAL_ACCENT_COLOR_NAME = AccentColor;
				CODE_SIGN_STYLE = Automatic;
				CURRENT_PROJECT_VERSION = 1;
				GENERATE_INFOPLIST_FILE = YES;
				INFOPLIST_FILE = "Guidomia-Ken/Info.plist";
				INFOPLIST_KEY_UIApplicationSupportsIndirectInputEvents = YES;
				INFOPLIST_KEY_UILaunchStoryboardName = LaunchScreen;
				INFOPLIST_KEY_UIMainStoryboardFile = Main;
				INFOPLIST_KEY_UISupportedInterfaceOrientations_iPad = "UIInterfaceOrientationPortrait UIInterfaceOrientationPortraitUpsideDown UIInterfaceOrientationLandscapeLeft UIInterfaceOrientationLandscapeRight";
				INFOPLIST_KEY_UISupportedInterfaceOrientations_iPhone = "UIInterfaceOrientationPortrait UIInterfaceOrientationLandscapeLeft UIInterfaceOrientationLandscapeRight";
				LD_RUNPATH_SEARCH_PATHS = (
					"$(inherited)",
					"@executable_path/Frameworks",
				);
				MARKETING_VERSION = 1.0;
				PRODUCT_BUNDLE_IDENTIFIER = "com.modapps.test.Guidomia-Ken";
				PRODUCT_NAME = "$(TARGET_NAME)";
				SWIFT_EMIT_LOC_STRINGS = YES;
				SWIFT_VERSION = 5.0;
				TARGETED_DEVICE_FAMILY = "1,2";
			};
			name = Debug;
		};
		99168DF529749CBA00B02FAC /* Release */ = {
			isa = XCBuildConfiguration;
			buildSettings = {
				ASSETCATALOG_COMPILER_APPICON_NAME = AppIcon;
				ASSETCATALOG_COMPILER_GLOBAL_ACCENT_COLOR_NAME = AccentColor;
				CODE_SIGN_STYLE = Automatic;
				CURRENT_PROJECT_VERSION = 1;
				GENERATE_INFOPLIST_FILE = YES;
				INFOPLIST_FILE = "Guidomia-Ken/Info.plist";
				INFOPLIST_KEY_UIApplicationSupportsIndirectInputEvents = YES;
				INFOPLIST_KEY_UILaunchStoryboardName = LaunchScreen;
				INFOPLIST_KEY_UIMainStoryboardFile = Main;
				INFOPLIST_KEY_UISupportedInterfaceOrientations_iPad = "UIInterfaceOrientationPortrait UIInterfaceOrientationPortraitUpsideDown UIInterfaceOrientationLandscapeLeft UIInterfaceOrientationLandscapeRight";
				INFOPLIST_KEY_UISupportedInterfaceOrientations_iPhone = "UIInterfaceOrientationPortrait UIInterfaceOrientationLandscapeLeft UIInterfaceOrientationLandscapeRight";
				LD_RUNPATH_SEARCH_PATHS = (
					"$(inherited)",
					"@executable_path/Frameworks",
				);
				MARKETING_VERSION = 1.0;
				PRODUCT_BUNDLE_IDENTIFIER = "com.modapps.test.Guidomia-Ken";
				PRODUCT_NAME = "$(TARGET_NAME)";
				SWIFT_EMIT_LOC_STRINGS = YES;
				SWIFT_VERSION = 5.0;
				TARGETED_DEVICE_FAMILY = "1,2";
			};
			name = Release;
		};
		99168DF729749CBA00B02FAC /* Debug */ = {
			isa = XCBuildConfiguration;
			buildSettings = {
				ALWAYS_EMBED_SWIFT_STANDARD_LIBRARIES = YES;
				BUNDLE_LOADER = "$(TEST_HOST)";
				CODE_SIGN_STYLE = Automatic;
				CURRENT_PROJECT_VERSION = 1;
				GENERATE_INFOPLIST_FILE = YES;
				IPHONEOS_DEPLOYMENT_TARGET = 16.2;
				MARKETING_VERSION = 1.0;
				PRODUCT_BUNDLE_IDENTIFIER = "com.modapps.test.Guidomia-KenTests";
				PRODUCT_NAME = "$(TARGET_NAME)";
				SWIFT_EMIT_LOC_STRINGS = NO;
				SWIFT_VERSION = 5.0;
				TARGETED_DEVICE_FAMILY = "1,2";
				TEST_HOST = "$(BUILT_PRODUCTS_DIR)/Guidomia-Ken.app/$(BUNDLE_EXECUTABLE_FOLDER_PATH)/Guidomia-Ken";
			};
			name = Debug;
		};
		99168DF829749CBA00B02FAC /* Release */ = {
			isa = XCBuildConfiguration;
			buildSettings = {
				ALWAYS_EMBED_SWIFT_STANDARD_LIBRARIES = YES;
				BUNDLE_LOADER = "$(TEST_HOST)";
				CODE_SIGN_STYLE = Automatic;
				CURRENT_PROJECT_VERSION = 1;
				GENERATE_INFOPLIST_FILE = YES;
				IPHONEOS_DEPLOYMENT_TARGET = 16.2;
				MARKETING_VERSION = 1.0;
				PRODUCT_BUNDLE_IDENTIFIER = "com.modapps.test.Guidomia-KenTests";
				PRODUCT_NAME = "$(TARGET_NAME)";
				SWIFT_EMIT_LOC_STRINGS = NO;
				SWIFT_VERSION = 5.0;
				TARGETED_DEVICE_FAMILY = "1,2";
				TEST_HOST = "$(BUILT_PRODUCTS_DIR)/Guidomia-Ken.app/$(BUNDLE_EXECUTABLE_FOLDER_PATH)/Guidomia-Ken";
			};
			name = Release;
		};
		99168DFA29749CBA00B02FAC /* Debug */ = {
			isa = XCBuildConfiguration;
			buildSettings = {
				ALWAYS_EMBED_SWIFT_STANDARD_LIBRARIES = YES;
				CODE_SIGN_STYLE = Automatic;
				CURRENT_PROJECT_VERSION = 1;
				GENERATE_INFOPLIST_FILE = YES;
				MARKETING_VERSION = 1.0;
				PRODUCT_BUNDLE_IDENTIFIER = "com.modapps.test.Guidomia-KenUITests";
				PRODUCT_NAME = "$(TARGET_NAME)";
				SWIFT_EMIT_LOC_STRINGS = NO;
				SWIFT_VERSION = 5.0;
				TARGETED_DEVICE_FAMILY = "1,2";
				TEST_TARGET_NAME = "Guidomia-Ken";
			};
			name = Debug;
		};
		99168DFB29749CBA00B02FAC /* Release */ = {
			isa = XCBuildConfiguration;
			buildSettings = {
				ALWAYS_EMBED_SWIFT_STANDARD_LIBRARIES = YES;
				CODE_SIGN_STYLE = Automatic;
				CURRENT_PROJECT_VERSION = 1;
				GENERATE_INFOPLIST_FILE = YES;
				MARKETING_VERSION = 1.0;
				PRODUCT_BUNDLE_IDENTIFIER = "com.modapps.test.Guidomia-KenUITests";
				PRODUCT_NAME = "$(TARGET_NAME)";
				SWIFT_EMIT_LOC_STRINGS = NO;
				SWIFT_VERSION = 5.0;
				TARGETED_DEVICE_FAMILY = "1,2";
				TEST_TARGET_NAME = "Guidomia-Ken";
			};
			name = Release;
		};
/* End XCBuildConfiguration section */

/* Begin XCConfigurationList section */
		99168DC129749CB900B02FAC /* Build configuration list for PBXProject "Guidomia-Ken" */ = {
			isa = XCConfigurationList;
			buildConfigurations = (
				99168DF129749CBA00B02FAC /* Debug */,
				99168DF229749CBA00B02FAC /* Release */,
			);
			defaultConfigurationIsVisible = 0;
			defaultConfigurationName = Release;
		};
		99168DF329749CBA00B02FAC /* Build configuration list for PBXNativeTarget "Guidomia-Ken" */ = {
			isa = XCConfigurationList;
			buildConfigurations = (
				99168DF429749CBA00B02FAC /* Debug */,
				99168DF529749CBA00B02FAC /* Release */,
			);
			defaultConfigurationIsVisible = 0;
			defaultConfigurationName = Release;
		};
		99168DF629749CBA00B02FAC /* Build configuration list for PBXNativeTarget "Guidomia-KenTests" */ = {
			isa = XCConfigurationList;
			buildConfigurations = (
				99168DF729749CBA00B02FAC /* Debug */,
				99168DF829749CBA00B02FAC /* Release */,
			);
			defaultConfigurationIsVisible = 0;
			defaultConfigurationName = Release;
		};
		99168DF929749CBA00B02FAC /* Build configuration list for PBXNativeTarget "Guidomia-KenUITests" */ = {
			isa = XCConfigurationList;
			buildConfigurations = (
				99168DFA29749CBA00B02FAC /* Debug */,
				99168DFB29749CBA00B02FAC /* Release */,
			);
			defaultConfigurationIsVisible = 0;
			defaultConfigurationName = Release;
		};
/* End XCConfigurationList section */

/* Begin XCVersionGroup section */
		99168DD229749CB900B02FAC /* Guidomia_Ken.xcdatamodeld */ = {
			isa = XCVersionGroup;
			children = (
				99168DD329749CB900B02FAC /* Guidomia_Ken.xcdatamodel */,
			);
			currentVersion = 99168DD329749CB900B02FAC /* Guidomia_Ken.xcdatamodel */;
			path = Guidomia_Ken.xcdatamodeld;
			sourceTree = "<group>";
			versionGroupType = wrapper.xcdatamodel;
		};
/* End XCVersionGroup section */
	};
	rootObject = 99168DBE29749CB900B02FAC /* Project object */;
}
